{
  "name": "code-measure",
  "version": "1.0.0",
  "lockfileVersion": 3,
  "requires": true,
  "packages": {
    "": {
      "name": "code-measure",
      "version": "1.0.0",
      "license": "MIT",
      "dependencies": {
        "fast-xml-parser": "^5.11.1",
        "jscpd": "^5.2.1"
      },
      "bin": {
        "code-measure": "bin/code-measure.mjs"
      },
      "engines": {
        "node": ">=20"
      }
    },
    "node_modules/@nodable/entities": {
      "version": "3.0.0",
      "resolved": "https://registry.npmjs.org/@nodable/entities/-/entities-3.0.0.tgz",
      "integrity": "sha512-8L9xFeTYKhm49xfIypoe2W5wV1m/3Z58kT+7kR9A8OyFxcPduI4VmxaUMQyKYrRjUoLLSXv6EKKID5Tvj9cUVw==",
      "funding": [
        {
          "type": "github",
          "url": "https://github.com/sponsors/nodable"
        }
      ],
      "license": "MIT"
    },
    "node_modules/anynum": {
      "version": "1.0.1",
      "resolved": "https://registry.npmjs.org/anynum/-/anynum-1.0.1.tgz",
      "integrity": "sha512-N6//FLET/tXYNM/F6ABca1oH6fWB+KlTt909Le28WMDBk8oaT4vY17DCrwg2MvmuqUKt3Ni4N5dGJ/EoBgcO6A==",
      "funding": [
        {
          "type": "github",
          "url": "https://github.com/sponsors/NaturalIntelligence"
        }
      ],
      "license": "MIT"
    },
    "node_modules/fast-xml-builder": {
      "version": "1.3.1",
      "resolved": "https://registry.npmjs.org/fast-xml-builder/-/fast-xml-builder-1.3.1.tgz",
      "integrity": "sha512-pIM/1n3ntFXKYrUZwW7QCK0gAW7XY+wzj1YMIV3tLDvPj/V+zTGJK5e3/4WJfwj0qWw2ElNXiTixda/R+3YSug==",
      "funding": [
        {
          "type": "github",
          "url": "https://github.com/sponsors/NaturalIntelligence"
        }
      ],
      "license": "MIT",
      "dependencies": {
        "path-expression-matcher": "^1.6.2",
        "xml-naming": "^0.3.0"
      }
    },
    "node_modules/fast-xml-parser": {
      "version": "5.11.1",
      "resolved": "https://registry.npmjs.org/fast-xml-parser/-/fast-xml-parser-5.11.1.tgz",
      "integrity": "sha512-TBw6K/fxoQGGjCmZDw9w/ZwP3uDcnTM4YH/g+PFRWr8sbe5idXtxNN6vITh4+1ruCZaho6uBFurElsA7F0zzgw==",
      "funding": [
        {
          "type": "github",
          "url": "https://github.com/sponsors/NaturalIntelligence"
        }
      ],
      "license": "MIT",
      "dependencies": {
        "@nodable/entities": "^3.0.0",
        "fast-xml-builder": "^1.2.0",
        "is-unsafe": "^2.0.0",
        "path-expression-matcher": "^1.6.2",
        "strnum": "^2.4.2",
        "xml-naming": "^0.3.0"
      },
      "bin": {
        "fxparser": "src/cli/cli.js"
      }
    },
    "node_modules/is-unsafe": {
      "version": "2.0.2",
      "resolved": "https://registry.npmjs.org/is-unsafe/-/is-unsafe-2.0.2.tgz",
      "integrity": "sha512-HgbIHPBH0KHHCcjLfGsCvhtPTVxjaAZlXjwdz7/GQC40SjSe4sfQsar8J5VFo8JOSbarkpV0OLG95bbaNd9aAQ==",
      "funding": [
        {
          "type": "github",
          "url": "https://github.com/sponsors/NaturalIntelligence"
        }
      ],
      "license": "MIT"
    },
    "node_modules/jscpd": {
      "version": "5.2.1",
      "resolved": "https://registry.npmjs.org/jscpd/-/jscpd-5.2.1.tgz",
      "integrity": "sha512-YNizwOc+NIKgtspq/xrbdURYKTNC9IvIpGWuOZvkEAkdAhevkbdMk1tAC0c1ievSzJd0GjB8PLlCcpCqWF+AEQ==",
      "license": "MIT",
      "bin": {
        "jscpd": "run-jscpd.js"
      },
      "engines": {
        "node": ">=18"
      },
      "funding": {
        "url": "https://opencollective.com/jscpd"
      },
      "optionalDependencies": {
        "jscpd-darwin-arm64": "5.2.1",
        "jscpd-darwin-x64": "5.2.1",
        "jscpd-linux-arm64-gnu": "5.2.1",
        "jscpd-linux-arm64-musl": "5.2.1",
        "jscpd-linux-x64-gnu": "5.2.1",
        "jscpd-linux-x64-musl": "5.2.1",
        "jscpd-windows-arm64-msvc": "5.2.1",
        "jscpd-windows-x64-msvc": "5.2.1"
      }
    },
    "node_modules/jscpd-darwin-arm64": {
      "version": "5.2.1",
      "resolved": "https://registry.npmjs.org/jscpd-darwin-arm64/-/jscpd-darwin-arm64-5.2.1.tgz",
      "integrity": "sha512-svftqL0o7EA0Of0Qo9LbwOE4IrIAoFP87yfmPML/ScqZkDwyezL4ggH//aXULKrOPQWLwkTgbSqM0OgmxfOpyg==",
      "cpu": [
        "arm64"
      ],
      "license": "MIT",
      "optional": true,
      "os": [
        "darwin"
      ]
    },
    "node_modules/jscpd-darwin-x64": {
      "version": "5.2.1",
      "resolved": "https://registry.npmjs.org/jscpd-darwin-x64/-/jscpd-darwin-x64-5.2.1.tgz",
      "integrity": "sha512-m9AM+/LgtgUsGKGWmZdK82IgqEIATF6z2LJX+CmODGYw8WlBkji3ZdNicuHbGyviBZLaFsSGx1Axy+WFhmQUsA==",
      "cpu": [
        "x64"
      ],
      "license": "MIT",
      "optional": true,
      "os": [
        "darwin"
      ]
    },
    "node_modules/jscpd-linux-arm64-gnu": {
      "version": "5.2.1",
      "resolved": "https://registry.npmjs.org/jscpd-linux-arm64-gnu/-/jscpd-linux-arm64-gnu-5.2.1.tgz",
      "integrity": "sha512-W/9KvjikBfzhDtszY089W66krrx5hG7eO57hZ+uzQ71ij9XRb5FV9n1pGNBivw9xjZKghgsoBraWjAkZ87jq8w==",
      "cpu": [
        "arm64"
      ],
      "libc": [
        "glibc"
      ],
      "license": "MIT",
      "optional": true,
      "os": [
        "linux"
      ]
    },
    "node_modules/jscpd-linux-arm64-musl": {
      "version": "5.2.1",
      "resolved": "https://registry.npmjs.org/jscpd-linux-arm64-musl/-/jscpd-linux-arm64-musl-5.2.1.tgz",
      "integrity": "sha512-tjQcXmOAnXBXaciPZuVGZndSAEXbwO29+ugkJZbwTAtO9m16MdMKuQz86iT1peneJlNl/k/Et8gs0jFRO2MS+Q==",
      "cpu": [
        "arm64"
      ],
      "libc": [
        "musl"
      ],
      "license": "MIT",
      "optional": true,
      "os": [
        "linux"
      ]
    },
    "node_modules/jscpd-linux-x64-gnu": {
      "version": "5.2.1",
      "resolved": "https://registry.npmjs.org/jscpd-linux-x64-gnu/-/jscpd-linux-x64-gnu-5.2.1.tgz",
      "integrity": "sha512-t/lRefzbkHCycEpmCRlYSFYSNjw85lr58yWV3ZH9PCMt7Bb/neNCn/20YI1V6RroWFg5/VyU66Sv//fEw+h5Ow==",
      "cpu": [
        "x64"
      ],
      "libc": [
        "glibc"
      ],
      "license": "MIT",
      "optional": true,
      "os": [
        "linux"
      ]
    },
    "node_modules/jscpd-linux-x64-musl": {
      "version": "5.2.1",
      "resolved": "https://registry.npmjs.org/jscpd-linux-x64-musl/-/jscpd-linux-x64-musl-5.2.1.tgz",
      "integrity": "sha512-2GQWdb0JVug32tb00MH0vtjQyN7PAmVlHuQ/8IEn+/lcxSU6Zcf132+ggrDQdTxHxBevo9GnzapaC/It+7kgyw==",
      "cpu": [
        "x64"
      ],
      "libc": [
        "musl"
      ],
      "license": "MIT",
      "optional": true,
      "os": [
        "linux"
      ]
    },
    "node_modules/jscpd-windows-arm64-msvc": {
      "version": "5.2.1",
      "resolved": "https://registry.npmjs.org/jscpd-windows-arm64-msvc/-/jscpd-windows-arm64-msvc-5.2.1.tgz",
      "integrity": "sha512-FUVOZ7Qlhvj7A8bYjpHjAJC7AU2kCioVUAPoD9wFk5xpOkLcZdRtCjgLUpTkczRVUvalrdBHi7UuwmjVuMjZxA==",
      "cpu": [
        "arm64"
      ],
      "license": "MIT",
      "optional": true,
      "os": [
        "win32"
      ]
    },
    "node_modules/jscpd-windows-x64-msvc": {
      "version": "5.2.1",
      "resolved": "https://registry.npmjs.org/jscpd-windows-x64-msvc/-/jscpd-windows-x64-msvc-5.2.1.tgz",
      "integrity": "sha512-N4qo1cpcGCxf+HS4KS/Ue7qUozi/ndm60DIbQy25YYaAy/8LGI2F3KInaerebmW0MzV8sMMC3PcggKwztnsKbw==",
      "cpu": [
        "x64"
      ],
      "license": "MIT",
      "optional": true,
      "os": [
        "win32"
      ]
    },
    "node_modules/path-expression-matcher": {
      "version": "1.6.2",
      "resolved": "https://registry.npmjs.org/path-expression-matcher/-/path-expression-matcher-1.6.2.tgz",
      "integrity": "sha512-enSlaiat05iasnzmgNxRj8reFdj3puY2QpNgP1aPIaVfT6nn9ICuPoFlKHk8EN22HcwewshO+mN2DGbkCEOtqQ==",
      "funding": [
        {
          "type": "github",
          "url": "https://github.com/sponsors/NaturalIntelligence"
        }
      ],
      "license": "MIT",
      "engines": {
        "node": ">=14.0.0"
      }
    },
    "node_modules/strnum": {
      "version": "2.4.2",
      "resolved": "https://registry.npmjs.org/strnum/-/strnum-2.4.2.tgz",
      "integrity": "sha512-rDG3Ah4TV0k1hWvLSzkZtMmLN9+eS+h3knq4MP6A42Y3Yh5qGNnOUs1jJkoSr8FG5dsL28c7KgkIBzSEykqtuw==",
      "funding": [
        {
          "type": "github",
          "url": "https://github.com/sponsors/NaturalIntelligence"
        }
      ],
      "license": "MIT",
      "dependencies": {
        "anynum": "^1.0.1"
      }
    },
    "node_modules/xml-naming": {
      "version": "0.3.0",
      "resolved": "https://registry.npmjs.org/xml-naming/-/xml-naming-0.3.0.tgz",
      "integrity": "sha512-ghig2TBE/H11aOVgmahA3MhimvkBr6JIYknH/Dhdk10nXwdbIqBJsbfMxpvFPG8bAw77gN29aQWvKpmVoPlvPQ==",
      "funding": [
        {
          "type": "github",
          "url": "https://github.com/sponsors/NaturalIntelligence"
        }
      ],
      "license": "MIT",
      "engines": {
        "node": ">=16.0.0"
      }
    }
  }
}
